
Microsoft Visual Studio Solution File, Format Version 12.00
# Visual Studio 14
VisualStudioVersion = 14.0.25420.1
MinimumVisualStudioVersion = 10.0.40219.1
Project("{FAE04EC0-301F-11D3-BF4B-00C04F79EFBC}") = "Test.Droids", "Test.Droids\Test.Droids.csproj", "{C9A06DB7-BC3E-4B56-82D6-AF17056FB501}"
EndProject
Project("{2150E333-8FDC-42A3-9474-1A3956D46DE8}") = "Librarires", "Librarires", "{FC29344F-8912-4705-901E-24E242A534A6}"
	ProjectSection(SolutionItems) = preProject
		Libraries\MvvmCross.Droid.Support.V7.Fragging.4.1.1\lib\MonoAndroid403\MvvmCross.Droid.Support.V7.Fragging.dll = Libraries\MvvmCross.Droid.Support.V7.Fragging.4.1.1\lib\MonoAndroid403\MvvmCross.Droid.Support.V7.Fragging.dll
	EndProjectSection
EndProject
Global
	GlobalSection(SolutionConfigurationPlatforms) = preSolution
		Debug|Any CPU = Debug|Any CPU
		Release|Any CPU = Release|Any CPU
	EndGlobalSection
	GlobalSection(ProjectConfigurationPlatforms) = postSolution
		{C9A06DB7-BC3E-4B56-82D6-AF17056FB501}.Debug|Any CPU.ActiveCfg = Debug|Any CPU
		{C9A06DB7-BC3E-4B56-82D6-AF17056FB501}.Debug|Any CPU.Build.0 = Debug|Any CPU
		{C9A06DB7-BC3E-4B56-82D6-AF17056FB501}.Debug|Any CPU.Deploy.0 = Debug|Any CPU
		{C9A06DB7-BC3E-4B56-82D6-AF17056FB501}.Release|Any CPU.ActiveCfg = Release|Any CPU
		{C9A06DB7-BC3E-4B56-82D6-AF17056FB501}.Release|Any CPU.Build.0 = Release|Any CPU
		{C9A06DB7-BC3E-4B56-82D6-AF17056FB501}.Release|Any CPU.Deploy.0 = Release|Any CPU
	EndGlobalSection
	GlobalSection(SolutionProperties) = preSolution
		HideSolutionNode = FALSE
	EndGlobalSection
EndGlobal
